
Microsoft Visual Studio Solution File, Format Version 12.00
Project("{FAE04EC0-301F-11D3-BF4B-00C04F79EFBC}") = "CrustMonitor", "CrustMonitor\CrustMonitor.csproj", "{D90D64F2-25F3-40D3-9A77-C265E9B90717}"
EndProject
Global
	GlobalSection(SolutionConfigurationPlatforms) = preSolution
		Debug|Any CPU = Debug|Any CPU
		Release|Any CPU = Release|Any CPU
	EndGlobalSection
	GlobalSection(ProjectConfigurationPlatforms) = postSolution
		{D90D64F2-25F3-40D3-9A77-C265E9B90717}.Debug|Any CPU.ActiveCfg = Debug|Any CPU
		{D90D64F2-25F3-40D3-9A77-C265E9B90717}.Debug|Any CPU.Build.0 = Debug|Any CPU
		{D90D64F2-25F3-40D3-9A77-C265E9B90717}.Release|Any CPU.ActiveCfg = Release|Any CPU
		{D90D64F2-25F3-40D3-9A77-C265E9B90717}.Release|Any CPU.Build.0 = Release|Any CPU
	EndGlobalSection
EndGlobal
